// !$*UTF8*$!
{
	archiveVersion = 1;
	classes = {
	};
	objectVersion = 56;
	objects = {

/* Begin PBXBuildFile section */
		B369D6FC2F07279F0081AAC7 /* FileManagerProtocol.swift in Sources */ = {isa = PBXBuildFile; fileRef = B369D6F42F07279F0081AAC7 /* FileManagerProtocol.swift */; };
		B369D6FD2F07279F0081AAC7 /* PhotoStorageProtocol.swift in Sources */ = {isa = PBXBuildFile; fileRef = B369D6F72F07279F0081AAC7 /* PhotoStorageProtocol.swift */; };
		B369D6FE2F07279F0081AAC7 /* OpenAIServiceProtocol.swift in Sources */ = {isa = PBXBuildFile; fileRef = B369D6F62F07279F0081AAC7 /* OpenAIServiceProtocol.swift */; };
		B369D6FF2F07279F0081AAC7 /* KeychainServiceProtocol.swift in Sources */ = {isa = PBXBuildFile; fileRef = B369D6F52F07279F0081AAC7 /* KeychainServiceProtocol.swift */; };
		B369D7002F07279F0081AAC7 /* CoreDataStackProtocol.swift in Sources */ = {isa = PBXBuildFile; fileRef = B369D6F32F07279F0081AAC7 /* CoreDataStackProtocol.swift */; };
		B369D7012F07279F0081AAC7 /* URLSessionProtocol.swift in Sources */ = {isa = PBXBuildFile; fileRef = B369D6F92F07279F0081AAC7 /* URLSessionProtocol.swift */; };
		B369D70B2F0727C10081AAC7 /* OpenAIService.swift in Sources */ = {isa = PBXBuildFile; fileRef = B369D7042F0727C10081AAC7 /* OpenAIService.swift */; };
		B369D70C2F0727C10081AAC7 /* ServiceContainer.swift in Sources */ = {isa = PBXBuildFile; fileRef = B369D7082F0727C10081AAC7 /* ServiceContainer.swift */; };
		B369D70D2F0727C10081AAC7 /* KeychainService.swift in Sources */ = {isa = PBXBuildFile; fileRef = B369D7032F0727C10081AAC7 /* KeychainService.swift */; };
		B369D70F2F0727C10081AAC7 /* PhotoStorageService.swift in Sources */ = {isa = PBXBuildFile; fileRef = B369D7062F0727C10081AAC7 /* PhotoStorageService.swift */; };
		B369D7102F0727C10081AAC7 /* OpenAIServiceExtensions.swift in Sources */ = {isa = PBXBuildFile; fileRef = B369D7052F0727C10081AAC7 /* OpenAIServiceExtensions.swift */; };
		B369D7122F072A4E0081AAC7 /* GridOverlay.swift in Sources */ = {isa = PBXBuildFile; fileRef = B369D7112F072A4E0081AAC7 /* GridOverlay.swift */; };
		B369D71A2F072BC10081AAC7 /* MockOpenAIService.swift in Sources */ = {isa = PBXBuildFile; fileRef = B369D7162F072BC10081AAC7 /* MockOpenAIService.swift */; };
		B369D71B2F072BC10081AAC7 /* MockCoreDataStack.swift in Sources */ = {isa = PBXBuildFile; fileRef = B369D7132F072BC10081AAC7 /* MockCoreDataStack.swift */; };
		B369D71C2F072BC10081AAC7 /* MockPhotoStorage.swift in Sources */ = {isa = PBXBuildFile; fileRef = B369D7172F072BC10081AAC7 /* MockPhotoStorage.swift */; };
		B369D71D2F072BC10081AAC7 /* MockURLSession.swift in Sources */ = {isa = PBXBuildFile; fileRef = B369D7182F072BC10081AAC7 /* MockURLSession.swift */; };
		B369D71E2F072BC10081AAC7 /* MockFileManager.swift in Sources */ = {isa = PBXBuildFile; fileRef = B369D7142F072BC10081AAC7 /* MockFileManager.swift */; };
		B369D71F2F072BC10081AAC7 /* MockKeychainService.swift in Sources */ = {isa = PBXBuildFile; fileRef = B369D7152F072BC10081AAC7 /* MockKeychainService.swift */; };
		B369D7242F072BCE0081AAC7 /* TestDataBuilders.swift in Sources */ = {isa = PBXBuildFile; fileRef = B369D7212F072BCE0081AAC7 /* TestDataBuilders.swift */; };
		B369D7252F072BCE0081AAC7 /* AsyncTestHelpers.swift in Sources */ = {isa = PBXBuildFile; fileRef = B369D7202F072BCE0081AAC7 /* AsyncTestHelpers.swift */; };
		B369D7262F072BCE0081AAC7 /* XCTestCase+Extensions.swift in Sources */ = {isa = PBXBuildFile; fileRef = B369D7222F072BCE0081AAC7 /* XCTestCase+Extensions.swift */; };
		B369D72C2F072BD90081AAC7 /* FeedbackViewModelTests.swift in Sources */ = {isa = PBXBuildFile; fileRef = B369D7282F072BD90081AAC7 /* FeedbackViewModelTests.swift */; };
		B369D72D2F072BD90081AAC7 /* KeychainServiceTests.swift in Sources */ = {isa = PBXBuildFile; fileRef = B369D7292F072BD90081AAC7 /* KeychainServiceTests.swift */; };
		B369D72E2F072BD90081AAC7 /* CoreDataStackTests.swift in Sources */ = {isa = PBXBuildFile; fileRef = B369D7272F072BD90081AAC7 /* CoreDataStackTests.swift */; };
		B369D72F2F072BD90081AAC7 /* OpenAIServiceTests.swift in Sources */ = {isa = PBXBuildFile; fileRef = B369D72A2F072BD90081AAC7 /* OpenAIServiceTests.swift */; };
		B37349542EEF17CD00404689 /* PhotoCoachApp.swift in Sources */ = {isa = PBXBuildFile; fileRef = B37349532EEF17CD00404689 /* PhotoCoachApp.swift */; };
		B37349562EEF17CD00404689 /* ContentView.swift in Sources */ = {isa = PBXBuildFile; fileRef = B37349552EEF17CD00404689 /* ContentView.swift */; };
		B37349582EEF17CF00404689 /* Assets.xcassets in Resources */ = {isa = PBXBuildFile; fileRef = B37349572EEF17CF00404689 /* Assets.xcassets */; };
		B373495B2EEF17CF00404689 /* Preview Assets.xcassets in Resources */ = {isa = PBXBuildFile; fileRef = B373495A2EEF17CF00404689 /* Preview Assets.xcassets */; };
		B37349652EEF17CF00404689 /* PhotoCoachTests.swift in Sources */ = {isa = PBXBuildFile; fileRef = B37349642EEF17CF00404689 /* PhotoCoachTests.swift */; };
		B373496F2EEF17CF00404689 /* PhotoCoachUITests.swift in Sources */ = {isa = PBXBuildFile; fileRef = B373496E2EEF17CF00404689 /* PhotoCoachUITests.swift */; };
		B37349712EEF17CF00404689 /* PhotoCoachUITestsLaunchTests.swift in Sources */ = {isa = PBXBuildFile; fileRef = B37349702EEF17CF00404689 /* PhotoCoachUITestsLaunchTests.swift */; };
		B3FA50432EEF35FB00C21624 /* AppDelegate.swift in Sources */ = {isa = PBXBuildFile; fileRef = B3FA50422EEF35FB00C21624 /* AppDelegate.swift */; };
		C1000001AAAA000000000001 /* CameraManager.swift in Sources */ = {isa = PBXBuildFile; fileRef = C1000002AAAA000000000001 /* CameraManager.swift */; };
		C1000001AAAA000000000002 /* CameraPreview.swift in Sources */ = {isa = PBXBuildFile; fileRef = C1000002AAAA000000000002 /* CameraPreview.swift */; };
		C1000001AAAA000000000003 /* CameraView.swift in Sources */ = {isa = PBXBuildFile; fileRef = C1000002AAAA000000000003 /* CameraView.swift */; };
		C1000001AAAA000000000004 /* CoreDataStack.swift in Sources */ = {isa = PBXBuildFile; fileRef = C1000002AAAA000000000004 /* CoreDataStack.swift */; };
		C1000001AAAA000000000008 /* FeedbackViewModel.swift in Sources */ = {isa = PBXBuildFile; fileRef = C1000002AAAA000000000008 /* FeedbackViewModel.swift */; };
		C1000001AAAA000000000009 /* PhotoCard.swift in Sources */ = {isa = PBXBuildFile; fileRef = C1000002AAAA000000000009 /* PhotoCard.swift */; };
		C1000001AAAA000000000015 /* PhotoDetailView.swift in Sources */ = {isa = PBXBuildFile; fileRef = C1000002AAAA000000000015 /* PhotoDetailView.swift */; };
		C1000001AAAA000000000010 /* PhotoReviewView.swift in Sources */ = {isa = PBXBuildFile; fileRef = C1000002AAAA000000000010 /* PhotoReviewView.swift */; };
		C1000001AAAA000000000011 /* SettingsView.swift in Sources */ = {isa = PBXBuildFile; fileRef = C1000002AAAA000000000011 /* SettingsView.swift */; };
		C1000001AAAA000000000012 /* PhotoCoach.xcdatamodeld in Sources */ = {isa = PBXBuildFile; fileRef = C1000002AAAA000000000012 /* PhotoCoach.xcdatamodeld */; };
/* End PBXBuildFile section */

/* Begin PBXContainerItemProxy section */
		B37349612EEF17CF00404689 /* PBXContainerItemProxy */ = {
			isa = PBXContainerItemProxy;
			containerPortal = B37349482EEF17CD00404689 /* Project object */;
			proxyType = 1;
			remoteGlobalIDString = B373494F2EEF17CD00404689;
			remoteInfo = PhotoCoach;
		};
		B373496B2EEF17CF00404689 /* PBXContainerItemProxy */ = {
			isa = PBXContainerItemProxy;
			containerPortal = B37349482EEF17CD00404689 /* Project object */;
			proxyType = 1;
			remoteGlobalIDString = B373494F2EEF17CD00404689;
			remoteInfo = PhotoCoach;
		};
/* End PBXContainerItemProxy section */

/* Begin PBXFileReference section */
		B322A0792F07357900929C92 /* PhotoCoach.xctestplan */ = {isa = PBXFileReference; lastKnownFileType = text; path = PhotoCoach.xctestplan; sourceTree = "<group>"; };
		B369D6F32F07279F0081AAC7 /* CoreDataStackProtocol.swift */ = {isa = PBXFileReference; lastKnownFileType = sourcecode.swift; path = CoreDataStackProtocol.swift; sourceTree = "<group>"; };
		B369D6F42F07279F0081AAC7 /* FileManagerProtocol.swift */ = {isa = PBXFileReference; lastKnownFileType = sourcecode.swift; path = FileManagerProtocol.swift; sourceTree = "<group>"; };
		B369D6F52F07279F0081AAC7 /* KeychainServiceProtocol.swift */ = {isa = PBXFileReference; lastKnownFileType = sourcecode.swift; path = KeychainServiceProtocol.swift; sourceTree = "<group>"; };
		B369D6F62F07279F0081AAC7 /* OpenAIServiceProtocol.swift */ = {isa = PBXFileReference; lastKnownFileType = sourcecode.swift; path = OpenAIServiceProtocol.swift; sourceTree = "<group>"; };
		B369D6F72F07279F0081AAC7 /* PhotoStorageProtocol.swift */ = {isa = PBXFileReference; lastKnownFileType = sourcecode.swift; path = PhotoStorageProtocol.swift; sourceTree = "<group>"; };
		B369D6F92F07279F0081AAC7 /* URLSessionProtocol.swift */ = {isa = PBXFileReference; lastKnownFileType = sourcecode.swift; path = URLSessionProtocol.swift; sourceTree = "<group>"; };
		B369D7032F0727C10081AAC7 /* KeychainService.swift */ = {isa = PBXFileReference; lastKnownFileType = sourcecode.swift; path = KeychainService.swift; sourceTree = "<group>"; };
		B369D7042F0727C10081AAC7 /* OpenAIService.swift */ = {isa = PBXFileReference; lastKnownFileType = sourcecode.swift; path = OpenAIService.swift; sourceTree = "<group>"; };
		B369D7052F0727C10081AAC7 /* OpenAIServiceExtensions.swift */ = {isa = PBXFileReference; lastKnownFileType = sourcecode.swift; path = OpenAIServiceExtensions.swift; sourceTree = "<group>"; };
		B369D7062F0727C10081AAC7 /* PhotoStorageService.swift */ = {isa = PBXFileReference; lastKnownFileType = sourcecode.swift; path = PhotoStorageService.swift; sourceTree = "<group>"; };
		B369D7082F0727C10081AAC7 /* ServiceContainer.swift */ = {isa = PBXFileReference; lastKnownFileType = sourcecode.swift; path = ServiceContainer.swift; sourceTree = "<group>"; };
		B369D7112F072A4E0081AAC7 /* GridOverlay.swift */ = {isa = PBXFileReference; lastKnownFileType = sourcecode.swift; path = GridOverlay.swift; sourceTree = "<group>"; };
		B369D7132F072BC10081AAC7 /* MockCoreDataStack.swift */ = {isa = PBXFileReference; lastKnownFileType = sourcecode.swift; path = MockCoreDataStack.swift; sourceTree = "<group>"; };
		B369D7142F072BC10081AAC7 /* MockFileManager.swift */ = {isa = PBXFileReference; lastKnownFileType = sourcecode.swift; path = MockFileManager.swift; sourceTree = "<group>"; };
		B369D7152F072BC10081AAC7 /* MockKeychainService.swift */ = {isa = PBXFileReference; lastKnownFileType = sourcecode.swift; path = MockKeychainService.swift; sourceTree = "<group>"; };
		B369D7162F072BC10081AAC7 /* MockOpenAIService.swift */ = {isa = PBXFileReference; lastKnownFileType = sourcecode.swift; path = MockOpenAIService.swift; sourceTree = "<group>"; };
		B369D7172F072BC10081AAC7 /* MockPhotoStorage.swift */ = {isa = PBXFileReference; lastKnownFileType = sourcecode.swift; path = MockPhotoStorage.swift; sourceTree = "<group>"; };
		B369D7182F072BC10081AAC7 /* MockURLSession.swift */ = {isa = PBXFileReference; lastKnownFileType = sourcecode.swift; path = MockURLSession.swift; sourceTree = "<group>"; };
		B369D7202F072BCE0081AAC7 /* AsyncTestHelpers.swift */ = {isa = PBXFileReference; lastKnownFileType = sourcecode.swift; path = AsyncTestHelpers.swift; sourceTree = "<group>"; };
		B369D7212F072BCE0081AAC7 /* TestDataBuilders.swift */ = {isa = PBXFileReference; lastKnownFileType = sourcecode.swift; path = TestDataBuilders.swift; sourceTree = "<group>"; };
		B369D7222F072BCE0081AAC7 /* XCTestCase+Extensions.swift */ = {isa = PBXFileReference; lastKnownFileType = sourcecode.swift; path = "XCTestCase+Extensions.swift"; sourceTree = "<group>"; };
		B369D7272F072BD90081AAC7 /* CoreDataStackTests.swift */ = {isa = PBXFileReference; lastKnownFileType = sourcecode.swift; path = CoreDataStackTests.swift; sourceTree = "<group>"; };
		B369D7282F072BD90081AAC7 /* FeedbackViewModelTests.swift */ = {isa = PBXFileReference; lastKnownFileType = sourcecode.swift; path = FeedbackViewModelTests.swift; sourceTree = "<group>"; };
		B369D7292F072BD90081AAC7 /* KeychainServiceTests.swift */ = {isa = PBXFileReference; lastKnownFileType = sourcecode.swift; path = KeychainServiceTests.swift; sourceTree = "<group>"; };
		B369D72A2F072BD90081AAC7 /* OpenAIServiceTests.swift */ = {isa = PBXFileReference; lastKnownFileType = sourcecode.swift; path = OpenAIServiceTests.swift; sourceTree = "<group>"; };
		B37349502EEF17CD00404689 /* PhotoCoach.app */ = {isa = PBXFileReference; explicitFileType = wrapper.application; includeInIndex = 0; path = PhotoCoach.app; sourceTree = BUILT_PRODUCTS_DIR; };
		B37349532EEF17CD00404689 /* PhotoCoachApp.swift */ = {isa = PBXFileReference; lastKnownFileType = sourcecode.swift; path = PhotoCoachApp.swift; sourceTree = "<group>"; };
		B37349552EEF17CD00404689 /* ContentView.swift */ = {isa = PBXFileReference; lastKnownFileType = sourcecode.swift; path = ContentView.swift; sourceTree = "<group>"; };
		B37349572EEF17CF00404689 /* Assets.xcassets */ = {isa = PBXFileReference; lastKnownFileType = folder.assetcatalog; path = Assets.xcassets; sourceTree = "<group>"; };
		B373495A2EEF17CF00404689 /* Preview Assets.xcassets */ = {isa = PBXFileReference; lastKnownFileType = folder.assetcatalog; path = "Preview Assets.xcassets"; sourceTree = "<group>"; };
		B37349602EEF17CF00404689 /* PhotoCoachTests.xctest */ = {isa = PBXFileReference; explicitFileType = wrapper.cfbundle; includeInIndex = 0; path = PhotoCoachTests.xctest; sourceTree = BUILT_PRODUCTS_DIR; };
		B37349642EEF17CF00404689 /* PhotoCoachTests.swift */ = {isa = PBXFileReference; lastKnownFileType = sourcecode.swift; path = PhotoCoachTests.swift; sourceTree = "<group>"; };
		B373496A2EEF17CF00404689 /* PhotoCoachUITests.xctest */ = {isa = PBXFileReference; explicitFileType = wrapper.cfbundle; includeInIndex = 0; path = PhotoCoachUITests.xctest; sourceTree = BUILT_PRODUCTS_DIR; };
		B373496E2EEF17CF00404689 /* PhotoCoachUITests.swift */ = {isa = PBXFileReference; lastKnownFileType = sourcecode.swift; path = PhotoCoachUITests.swift; sourceTree = "<group>"; };
		B37349702EEF17CF00404689 /* PhotoCoachUITestsLaunchTests.swift */ = {isa = PBXFileReference; lastKnownFileType = sourcecode.swift; path = PhotoCoachUITestsLaunchTests.swift; sourceTree = "<group>"; };
		B3FA50422EEF35FB00C21624 /* AppDelegate.swift */ = {isa = PBXFileReference; fileEncoding = 4; lastKnownFileType = sourcecode.swift; path = AppDelegate.swift; sourceTree = "<group>"; };
		C1000002AAAA000000000001 /* CameraManager.swift */ = {isa = PBXFileReference; lastKnownFileType = sourcecode.swift; path = CameraManager.swift; sourceTree = "<group>"; };
		C1000002AAAA000000000002 /* CameraPreview.swift */ = {isa = PBXFileReference; lastKnownFileType = sourcecode.swift; path = CameraPreview.swift; sourceTree = "<group>"; };
		C1000002AAAA000000000003 /* CameraView.swift */ = {isa = PBXFileReference; lastKnownFileType = sourcecode.swift; path = CameraView.swift; sourceTree = "<group>"; };
		C1000002AAAA000000000004 /* CoreDataStack.swift */ = {isa = PBXFileReference; lastKnownFileType = sourcecode.swift; path = CoreDataStack.swift; sourceTree = "<group>"; };
		C1000002AAAA000000000008 /* FeedbackViewModel.swift */ = {isa = PBXFileReference; lastKnownFileType = sourcecode.swift; path = FeedbackViewModel.swift; sourceTree = "<group>"; };
		C1000002AAAA000000000009 /* PhotoCard.swift */ = {isa = PBXFileReference; lastKnownFileType = sourcecode.swift; path = PhotoCard.swift; sourceTree = "<group>"; };
		C1000002AAAA000000000015 /* PhotoDetailView.swift */ = {isa = PBXFileReference; lastKnownFileType = sourcecode.swift; path = PhotoDetailView.swift; sourceTree = "<group>"; };
		C1000002AAAA000000000010 /* PhotoReviewView.swift */ = {isa = PBXFileReference; lastKnownFileType = sourcecode.swift; path = PhotoReviewView.swift; sourceTree = "<group>"; };
		C1000002AAAA000000000011 /* SettingsView.swift */ = {isa = PBXFileReference; lastKnownFileType = sourcecode.swift; path = SettingsView.swift; sourceTree = "<group>"; };
		C1000002AAAA000000000013 /* Info.plist */ = {isa = PBXFileReference; lastKnownFileType = text.plist.xml; path = Info.plist; sourceTree = "<group>"; };
		C1000002AAAA000000000014 /* PhotoCoach.xcdatamodel */ = {isa = PBXFileReference; lastKnownFileType = wrapper.xcdatamodel; path = PhotoCoach.xcdatamodel; sourceTree = "<group>"; };
/* End PBXFileReference section */

/* Begin PBXFrameworksBuildPhase section */
		B373494D2EEF17CD00404689 /* Frameworks */ = {
			isa = PBXFrameworksBuildPhase;
			buildActionMask = 2147483647;
			files = (
			);
			runOnlyForDeploymentPostprocessing = 0;
		};
		B373495D2EEF17CF00404689 /* Frameworks */ = {
			isa = PBXFrameworksBuildPhase;
			buildActionMask = 2147483647;
			files = (
			);
			runOnlyForDeploymentPostprocessing = 0;
		};
		B37349672EEF17CF00404689 /* Frameworks */ = {
			isa = PBXFrameworksBuildPhase;
			buildActionMask = 2147483647;
			files = (
			);
			runOnlyForDeploymentPostprocessing = 0;
		};
/* End PBXFrameworksBuildPhase section */

/* Begin PBXGroup section */
		B322A07A2F07389300929C92 /* Frameworks */ = {
			isa = PBXGroup;
			children = (
			);
			name = Frameworks;
			sourceTree = "<group>";
		};
		B369D6FA2F07279F0081AAC7 /* Protocols */ = {
			isa = PBXGroup;
			children = (
				B369D6F32F07279F0081AAC7 /* CoreDataStackProtocol.swift */,
				B369D6F42F07279F0081AAC7 /* FileManagerProtocol.swift */,
				B369D6F52F07279F0081AAC7 /* KeychainServiceProtocol.swift */,
				B369D6F62F07279F0081AAC7 /* OpenAIServiceProtocol.swift */,
				B369D6F72F07279F0081AAC7 /* PhotoStorageProtocol.swift */,
				B369D6F92F07279F0081AAC7 /* URLSessionProtocol.swift */,
			);
			path = Protocols;
			sourceTree = "<group>";
		};
		B369D7192F072BC10081AAC7 /* Mocks */ = {
			isa = PBXGroup;
			children = (
				B369D7132F072BC10081AAC7 /* MockCoreDataStack.swift */,
				B369D7142F072BC10081AAC7 /* MockFileManager.swift */,
				B369D7152F072BC10081AAC7 /* MockKeychainService.swift */,
				B369D7162F072BC10081AAC7 /* MockOpenAIService.swift */,
				B369D7172F072BC10081AAC7 /* MockPhotoStorage.swift */,
				B369D7182F072BC10081AAC7 /* MockURLSession.swift */,
			);
			path = Mocks;
			sourceTree = "<group>";
		};
		B369D7232F072BCE0081AAC7 /* Helpers */ = {
			isa = PBXGroup;
			children = (
				B369D7202F072BCE0081AAC7 /* AsyncTestHelpers.swift */,
				B369D7212F072BCE0081AAC7 /* TestDataBuilders.swift */,
				B369D7222F072BCE0081AAC7 /* XCTestCase+Extensions.swift */,
			);
			path = Helpers;
			sourceTree = "<group>";
		};
		B369D72B2F072BD90081AAC7 /* Tests */ = {
			isa = PBXGroup;
			children = (
				B369D7272F072BD90081AAC7 /* CoreDataStackTests.swift */,
				B369D7282F072BD90081AAC7 /* FeedbackViewModelTests.swift */,
				B369D7292F072BD90081AAC7 /* KeychainServiceTests.swift */,
				B369D72A2F072BD90081AAC7 /* OpenAIServiceTests.swift */,
			);
			path = Tests;
			sourceTree = "<group>";
		};
		B37349472EEF17CD00404689 = {
			isa = PBXGroup;
			children = (
				B322A0792F07357900929C92 /* PhotoCoach.xctestplan */,
				B37349522EEF17CD00404689 /* PhotoCoach */,
				B37349632EEF17CF00404689 /* PhotoCoachTests */,
				B373496D2EEF17CF00404689 /* PhotoCoachUITests */,
				B322A07A2F07389300929C92 /* Frameworks */,
				B37349512EEF17CD00404689 /* Products */,
			);
			sourceTree = "<group>";
		};
		B37349512EEF17CD00404689 /* Products */ = {
			isa = PBXGroup;
			children = (
				B37349502EEF17CD00404689 /* PhotoCoach.app */,
				B37349602EEF17CF00404689 /* PhotoCoachTests.xctest */,
				B373496A2EEF17CF00404689 /* PhotoCoachUITests.xctest */,
			);
			name = Products;
			sourceTree = "<group>";
		};
		B37349522EEF17CD00404689 /* PhotoCoach */ = {
			isa = PBXGroup;
			children = (
				B37349532EEF17CD00404689 /* PhotoCoachApp.swift */,
				B37349552EEF17CD00404689 /* ContentView.swift */,
				C1000003AAAA000000000001 /* Camera */,
				C1000003AAAA000000000002 /* Services */,
				C1000003AAAA000000000003 /* Views */,
				C1000003AAAA000000000004 /* ViewModels */,
				C1000003AAAA000000000005 /* Models */,
				B37349572EEF17CF00404689 /* Assets.xcassets */,
				C1000002AAAA000000000013 /* Info.plist */,
				B37349592EEF17CF00404689 /* Preview Content */,
				B369D6FA2F07279F0081AAC7 /* Protocols */,
				B3FA50422EEF35FB00C21624 /* AppDelegate.swift */,
			);
			path = PhotoCoach;
			sourceTree = "<group>";
		};
		B37349592EEF17CF00404689 /* Preview Content */ = {
			isa = PBXGroup;
			children = (
				B373495A2EEF17CF00404689 /* Preview Assets.xcassets */,
			);
			path = "Preview Content";
			sourceTree = "<group>";
		};
		B37349632EEF17CF00404689 /* PhotoCoachTests */ = {
			isa = PBXGroup;
			children = (
				B369D72B2F072BD90081AAC7 /* Tests */,
				B369D7232F072BCE0081AAC7 /* Helpers */,
				B369D7192F072BC10081AAC7 /* Mocks */,
				B37349642EEF17CF00404689 /* PhotoCoachTests.swift */,
			);
			path = PhotoCoachTests;
			sourceTree = "<group>";
		};
		B373496D2EEF17CF00404689 /* PhotoCoachUITests */ = {
			isa = PBXGroup;
			children = (
				B373496E2EEF17CF00404689 /* PhotoCoachUITests.swift */,
				B37349702EEF17CF00404689 /* PhotoCoachUITestsLaunchTests.swift */,
			);
			path = PhotoCoachUITests;
			sourceTree = "<group>";
		};
		C1000003AAAA000000000001 /* Camera */ = {
			isa = PBXGroup;
			children = (
				B369D7112F072A4E0081AAC7 /* GridOverlay.swift */,
				C1000002AAAA000000000001 /* CameraManager.swift */,
				C1000002AAAA000000000002 /* CameraPreview.swift */,
				C1000002AAAA000000000003 /* CameraView.swift */,
			);
			path = Camera;
			sourceTree = "<group>";
		};
		C1000003AAAA000000000002 /* Services */ = {
			isa = PBXGroup;
			children = (
				C1000002AAAA000000000004 /* CoreDataStack.swift */,
				B369D7032F0727C10081AAC7 /* KeychainService.swift */,
				B369D7042F0727C10081AAC7 /* OpenAIService.swift */,
				B369D7052F0727C10081AAC7 /* OpenAIServiceExtensions.swift */,
				B369D7062F0727C10081AAC7 /* PhotoStorageService.swift */,
				B369D7082F0727C10081AAC7 /* ServiceContainer.swift */,
			);
			path = Services;
			sourceTree = "<group>";
		};
		C1000003AAAA000000000003 /* Views */ = {
			isa = PBXGroup;
			children = (
				C1000002AAAA000000000009 /* PhotoCard.swift */,
				C1000002AAAA000000000015 /* PhotoDetailView.swift */,
				C1000002AAAA000000000010 /* PhotoReviewView.swift */,
				C1000002AAAA000000000011 /* SettingsView.swift */,
			);
			path = Views;
			sourceTree = "<group>";
		};
		C1000003AAAA000000000004 /* ViewModels */ = {
			isa = PBXGroup;
			children = (
				C1000002AAAA000000000008 /* FeedbackViewModel.swift */,
			);
			path = ViewModels;
			sourceTree = "<group>";
		};
		C1000003AAAA000000000005 /* Models */ = {
			isa = PBXGroup;
			children = (
				C1000002AAAA000000000012 /* PhotoCoach.xcdatamodeld */,
			);
			path = Models;
			sourceTree = "<group>";
		};
/* End PBXGroup section */

/* Begin PBXNativeTarget section */
		B373494F2EEF17CD00404689 /* PhotoCoach */ = {
			isa = PBXNativeTarget;
			buildConfigurationList = B37349742EEF17CF00404689 /* Build configuration list for PBXNativeTarget "PhotoCoach" */;
			buildPhases = (
				B373494C2EEF17CD00404689 /* Sources */,
				B373494D2EEF17CD00404689 /* Frameworks */,
				B373494E2EEF17CD00404689 /* Resources */,
			);
			buildRules = (
			);
			dependencies = (
			);
			name = PhotoCoach;
			productName = PhotoCoach;
			productReference = B37349502EEF17CD00404689 /* PhotoCoach.app */;
			productType = "com.apple.product-type.application";
		};
		B373495F2EEF17CF00404689 /* PhotoCoachTests */ = {
			isa = PBXNativeTarget;
			buildConfigurationList = B37349772EEF17CF00404689 /* Build configuration list for PBXNativeTarget "PhotoCoachTests" */;
			buildPhases = (
				B373495C2EEF17CF00404689 /* Sources */,
				B373495D2EEF17CF00404689 /* Frameworks */,
				B373495E2EEF17CF00404689 /* Resources */,
			);
			buildRules = (
			);
			dependencies = (
				B37349622EEF17CF00404689 /* PBXTargetDependency */,
			);
			name = PhotoCoachTests;
			productName = PhotoCoachTests;
			productReference = B37349602EEF17CF00404689 /* PhotoCoachTests.xctest */;
			productType = "com.apple.product-type.bundle.unit-test";
		};
		B37349692EEF17CF00404689 /* PhotoCoachUITests */ = {
			isa = PBXNativeTarget;
			buildConfigurationList = B373497A2EEF17CF00404689 /* Build configuration list for PBXNativeTarget "PhotoCoachUITests" */;
			buildPhases = (
				B37349662EEF17CF00404689 /* Sources */,
				B37349672EEF17CF00404689 /* Frameworks */,
				B37349682EEF17CF00404689 /* Resources */,
			);
			buildRules = (
			);
			dependencies = (
				B373496C2EEF17CF00404689 /* PBXTargetDependency */,
			);
			name = PhotoCoachUITests;
			productName = PhotoCoachUITests;
			productReference = B373496A2EEF17CF00404689 /* PhotoCoachUITests.xctest */;
			productType = "com.apple.product-type.bundle.ui-testing";
		};
/* End PBXNativeTarget section */

/* Begin PBXProject section */
		B37349482EEF17CD00404689 /* Project object */ = {
			isa = PBXProject;
			attributes = {
				BuildIndependentTargetsInParallel = 1;
				LastSwiftUpdateCheck = 1520;
				LastUpgradeCheck = 1520;
				TargetAttributes = {
					B373494F2EEF17CD00404689 = {
						CreatedOnToolsVersion = 15.2;
					};
					B373495F2EEF17CF00404689 = {
						CreatedOnToolsVersion = 15.2;
						TestTargetID = B373494F2EEF17CD00404689;
					};
					B37349692EEF17CF00404689 = {
						CreatedOnToolsVersion = 15.2;
						TestTargetID = B373494F2EEF17CD00404689;
					};
				};
			};
			buildConfigurationList = B373494B2EEF17CD00404689 /* Build configuration list for PBXProject "PhotoCoach" */;
			compatibilityVersion = "Xcode 14.0";
			developmentRegion = en;
			hasScannedForEncodings = 0;
			knownRegions = (
				en,
				Base,
			);
			mainGroup = B37349472EEF17CD00404689;
			productRefGroup = B37349512EEF17CD00404689 /* Products */;
			projectDirPath = "";
			projectRoot = "";
			targets = (
				B373494F2EEF17CD00404689 /* PhotoCoach */,
				B373495F2EEF17CF00404689 /* PhotoCoachTests */,
				B37349692EEF17CF00404689 /* PhotoCoachUITests */,
			);
		};
/* End PBXProject section */

/* Begin PBXResourcesBuildPhase section */
		B373494E2EEF17CD00404689 /* Resources */ = {
			isa = PBXResourcesBuildPhase;
			buildActionMask = 2147483647;
			files = (
				B373495B2EEF17CF00404689 /* Preview Assets.xcassets in Resources */,
				B37349582EEF17CF00404689 /* Assets.xcassets in Resources */,
			);
			runOnlyForDeploymentPostprocessing = 0;
		};
		B373495E2EEF17CF00404689 /* Resources */ = {
			isa = PBXResourcesBuildPhase;
			buildActionMask = 2147483647;
			files = (
			);
			runOnlyForDeploymentPostprocessing = 0;
		};
		B37349682EEF17CF00404689 /* Resources */ = {
			isa = PBXResourcesBuildPhase;
			buildActionMask = 2147483647;
			files = (
			);
			runOnlyForDeploymentPostprocessing = 0;
		};
/* End PBXResourcesBuildPhase section */

/* Begin PBXSourcesBuildPhase section */
		B373494C2EEF17CD00404689 /* Sources */ = {
			isa = PBXSourcesBuildPhase;
			buildActionMask = 2147483647;
			files = (
				B37349562EEF17CD00404689 /* ContentView.swift in Sources */,
				B37349542EEF17CD00404689 /* PhotoCoachApp.swift in Sources */,
				C1000001AAAA000000000001 /* CameraManager.swift in Sources */,
				B3FA50432EEF35FB00C21624 /* AppDelegate.swift in Sources */,
				C1000001AAAA000000000002 /* CameraPreview.swift in Sources */,
				C1000001AAAA000000000003 /* CameraView.swift in Sources */,
				C1000001AAAA000000000004 /* CoreDataStack.swift in Sources */,
				C1000001AAAA000000000008 /* FeedbackViewModel.swift in Sources */,
				C1000001AAAA000000000009 /* PhotoCard.swift in Sources */,
				C1000001AAAA000000000015 /* PhotoDetailView.swift in Sources */,
				B369D6FC2F07279F0081AAC7 /* FileManagerProtocol.swift in Sources */,
				B369D6FD2F07279F0081AAC7 /* PhotoStorageProtocol.swift in Sources */,
				B369D6FE2F07279F0081AAC7 /* OpenAIServiceProtocol.swift in Sources */,
				B369D6FF2F07279F0081AAC7 /* KeychainServiceProtocol.swift in Sources */,
				B369D7002F07279F0081AAC7 /* CoreDataStackProtocol.swift in Sources */,
				B369D7012F07279F0081AAC7 /* URLSessionProtocol.swift in Sources */,
				B369D70B2F0727C10081AAC7 /* OpenAIService.swift in Sources */,
				B369D70C2F0727C10081AAC7 /* ServiceContainer.swift in Sources */,
				B369D70D2F0727C10081AAC7 /* KeychainService.swift in Sources */,
				B369D70F2F0727C10081AAC7 /* PhotoStorageService.swift in Sources */,
				B369D7102F0727C10081AAC7 /* OpenAIServiceExtensions.swift in Sources */,
				B369D7122F072A4E0081AAC7 /* GridOverlay.swift in Sources */,
				C1000001AAAA000000000010 /* PhotoReviewView.swift in Sources */,
				C1000001AAAA000000000011 /* SettingsView.swift in Sources */,
				C1000001AAAA000000000012 /* PhotoCoach.xcdatamodeld in Sources */,
			);
			runOnlyForDeploymentPostprocessing = 0;
		};
		B373495C2EEF17CF00404689 /* Sources */ = {
			isa = PBXSourcesBuildPhase;
			buildActionMask = 2147483647;
			files = (
				B369D71A2F072BC10081AAC7 /* MockOpenAIService.swift in Sources */,
				B369D71B2F072BC10081AAC7 /* MockCoreDataStack.swift in Sources */,
				B369D71C2F072BC10081AAC7 /* MockPhotoStorage.swift in Sources */,
				B369D71D2F072BC10081AAC7 /* MockURLSession.swift in Sources */,
				B369D71E2F072BC10081AAC7 /* MockFileManager.swift in Sources */,
				B369D71F2F072BC10081AAC7 /* MockKeychainService.swift in Sources */,
				B37349652EEF17CF00404689 /* PhotoCoachTests.swift in Sources */,
				B369D7242F072BCE0081AAC7 /* TestDataBuilders.swift in Sources */,
				B369D7252F072BCE0081AAC7 /* AsyncTestHelpers.swift in Sources */,
				B369D7262F072BCE0081AAC7 /* XCTestCase+Extensions.swift in Sources */,
				B369D72C2F072BD90081AAC7 /* FeedbackViewModelTests.swift in Sources */,
				B369D72D2F072BD90081AAC7 /* KeychainServiceTests.swift in Sources */,
				B369D72E2F072BD90081AAC7 /* CoreDataStackTests.swift in Sources */,
				B369D72F2F072BD90081AAC7 /* OpenAIServiceTests.swift in Sources */,
			);
			runOnlyForDeploymentPostprocessing = 0;
		};
		B37349662EEF17CF00404689 /* Sources */ = {
			isa = PBXSourcesBuildPhase;
			buildActionMask = 2147483647;
			files = (
				B37349712EEF17CF00404689 /* PhotoCoachUITestsLaunchTests.swift in Sources */,
				B373496F2EEF17CF00404689 /* PhotoCoachUITests.swift in Sources */,
			);
			runOnlyForDeploymentPostprocessing = 0;
		};
/* End PBXSourcesBuildPhase section */

/* Begin PBXTargetDependency section */
		B37349622EEF17CF00404689 /* PBXTargetDependency */ = {
			isa = PBXTargetDependency;
			target = B373494F2EEF17CD00404689 /* PhotoCoach */;
			targetProxy = B37349612EEF17CF00404689 /* PBXContainerItemProxy */;
		};
		B373496C2EEF17CF00404689 /* PBXTargetDependency */ = {
			isa = PBXTargetDependency;
			target = B373494F2EEF17CD00404689 /* PhotoCoach */;
			targetProxy = B373496B2EEF17CF00404689 /* PBXContainerItemProxy */;
		};
/* End PBXTargetDependency section */

/* Begin XCBuildConfiguration section */
		B37349722EEF17CF00404689 /* Debug */ = {
			isa = XCBuildConfiguration;
			buildSettings = {
				ALWAYS_SEARCH_USER_PATHS = NO;
				ASSETCATALOG_COMPILER_GENERATE_SWIFT_ASSET_SYMBOL_EXTENSIONS = YES;
				CLANG_ANALYZER_NONNULL = YES;
				CLANG_ANALYZER_NUMBER_OBJECT_CONVERSION = YES_AGGRESSIVE;
				CLANG_CXX_LANGUAGE_STANDARD = "gnu++20";
				CLANG_ENABLE_MODULES = YES;
				CLANG_ENABLE_OBJC_ARC = YES;
				CLANG_ENABLE_OBJC_WEAK = YES;
				CLANG_WARN_BLOCK_CAPTURE_AUTORELEASING = YES;
				CLANG_WARN_BOOL_CONVERSION = YES;
				CLANG_WARN_COMMA = YES;
				CLANG_WARN_CONSTANT_CONVERSION = YES;
				CLANG_WARN_DEPRECATED_OBJC_IMPLEMENTATIONS = YES;
				CLANG_WARN_DIRECT_OBJC_ISA_USAGE = YES_ERROR;
				CLANG_WARN_DOCUMENTATION_COMMENTS = YES;
				CLANG_WARN_EMPTY_BODY = YES;
				CLANG_WARN_ENUM_CONVERSION = YES;
				CLANG_WARN_INFINITE_RECURSION = YES;
				CLANG_WARN_INT_CONVERSION = YES;
				CLANG_WARN_NON_LITERAL_NULL_CONVERSION = YES;
				CLANG_WARN_OBJC_IMPLICIT_RETAIN_SELF = YES;
				CLANG_WARN_OBJC_LITERAL_CONVERSION = YES;
				CLANG_WARN_OBJC_ROOT_CLASS = YES_ERROR;
				CLANG_WARN_QUOTED_INCLUDE_IN_FRAMEWORK_HEADER = YES;
				CLANG_WARN_RANGE_LOOP_ANALYSIS = YES;
				CLANG_WARN_STRICT_PROTOTYPES = YES;
				CLANG_WARN_SUSPICIOUS_MOVE = YES;
				CLANG_WARN_UNGUARDED_AVAILABILITY = YES_AGGRESSIVE;
				CLANG_WARN_UNREACHABLE_CODE = YES;
				CLANG_WARN__DUPLICATE_METHOD_MATCH = YES;
				COPY_PHASE_STRIP = NO;
				DEBUG_INFORMATION_FORMAT = dwarf;
				ENABLE_STRICT_OBJC_MSGSEND = YES;
				ENABLE_TESTABILITY = YES;
				ENABLE_USER_SCRIPT_SANDBOXING = YES;
				GCC_C_LANGUAGE_STANDARD = gnu17;
				GCC_DYNAMIC_NO_PIC = NO;
				GCC_NO_COMMON_BLOCKS = YES;
				GCC_OPTIMIZATION_LEVEL = 0;
				GCC_PREPROCESSOR_DEFINITIONS = (
					"DEBUG=1",
					"$(inherited)",
				);
				GCC_WARN_64_TO_32_BIT_CONVERSION = YES;
				GCC_WARN_ABOUT_RETURN_TYPE = YES_ERROR;
				GCC_WARN_UNDECLARED_SELECTOR = YES;
				GCC_WARN_UNINITIALIZED_AUTOS = YES_AGGRESSIVE;
				GCC_WARN_UNUSED_FUNCTION = YES;
				GCC_WARN_UNUSED_VARIABLE = YES;
				IPHONEOS_DEPLOYMENT_TARGET = 17.2;
				LOCALIZATION_PREFERS_STRING_CATALOGS = YES;
				MTL_ENABLE_DEBUG_INFO = INCLUDE_SOURCE;
				MTL_FAST_MATH = YES;
				ONLY_ACTIVE_ARCH = YES;
				SDKROOT = iphoneos;
				SWIFT_ACTIVE_COMPILATION_CONDITIONS = "DEBUG $(inherited)";
				SWIFT_OPTIMIZATION_LEVEL = "-Onone";
			};
			name = Debug;
		};
		B37349732EEF17CF00404689 /* Release */ = {
			isa = XCBuildConfiguration;
			buildSettings = {
				ALWAYS_SEARCH_USER_PATHS = NO;
				ASSETCATALOG_COMPILER_GENERATE_SWIFT_ASSET_SYMBOL_EXTENSIONS = YES;
				CLANG_ANALYZER_NONNULL = YES;
				CLANG_ANALYZER_NUMBER_OBJECT_CONVERSION = YES_AGGRESSIVE;
				CLANG_CXX_LANGUAGE_STANDARD = "gnu++20";
				CLANG_ENABLE_MODULES = YES;
				CLANG_ENABLE_OBJC_ARC = YES;
				CLANG_ENABLE_OBJC_WEAK = YES;
				CLANG_WARN_BLOCK_CAPTURE_AUTORELEASING = YES;
				CLANG_WARN_BOOL_CONVERSION = YES;
				CLANG_WARN_COMMA = YES;
				CLANG_WARN_CONSTANT_CONVERSION = YES;
				CLANG_WARN_DEPRECATED_OBJC_IMPLEMENTATIONS = YES;
				CLANG_WARN_DIRECT_OBJC_ISA_USAGE = YES_ERROR;
				CLANG_WARN_DOCUMENTATION_COMMENTS = YES;
				CLANG_WARN_EMPTY_BODY = YES;
				CLANG_WARN_ENUM_CONVERSION = YES;
				CLANG_WARN_INFINITE_RECURSION = YES;
				CLANG_WARN_INT_CONVERSION = YES;
				CLANG_WARN_NON_LITERAL_NULL_CONVERSION = YES;
				CLANG_WARN_OBJC_IMPLICIT_RETAIN_SELF = YES;
				CLANG_WARN_OBJC_LITERAL_CONVERSION = YES;
				CLANG_WARN_OBJC_ROOT_CLASS = YES_ERROR;
				CLANG_WARN_QUOTED_INCLUDE_IN_FRAMEWORK_HEADER = YES;
				CLANG_WARN_RANGE_LOOP_ANALYSIS = YES;
				CLANG_WARN_STRICT_PROTOTYPES = YES;
				CLANG_WARN_SUSPICIOUS_MOVE = YES;
				CLANG_WARN_UNGUARDED_AVAILABILITY = YES_AGGRESSIVE;
				CLANG_WARN_UNREACHABLE_CODE = YES;
				CLANG_WARN__DUPLICATE_METHOD_MATCH = YES;
				COPY_PHASE_STRIP = NO;
				DEBUG_INFORMATION_FORMAT = "dwarf-with-dsym";
				ENABLE_NS_ASSERTIONS = NO;
				ENABLE_STRICT_OBJC_MSGSEND = YES;
				ENABLE_USER_SCRIPT_SANDBOXING = YES;
				GCC_C_LANGUAGE_STANDARD = gnu17;
				GCC_NO_COMMON_BLOCKS = YES;
				GCC_WARN_64_TO_32_BIT_CONVERSION = YES;
				GCC_WARN_ABOUT_RETURN_TYPE = YES_ERROR;
				GCC_WARN_UNDECLARED_SELECTOR = YES;
				GCC_WARN_UNINITIALIZED_AUTOS = YES_AGGRESSIVE;
				GCC_WARN_UNUSED_FUNCTION = YES;
				GCC_WARN_UNUSED_VARIABLE = YES;
				IPHONEOS_DEPLOYMENT_TARGET = 17.2;
				LOCALIZATION_PREFERS_STRING_CATALOGS = YES;
				MTL_ENABLE_DEBUG_INFO = NO;
				MTL_FAST_MATH = YES;
				SDKROOT = iphoneos;
				SWIFT_COMPILATION_MODE = wholemodule;
				VALIDATE_PRODUCT = YES;
			};
			name = Release;
		};
		B37349752EEF17CF00404689 /* Debug */ = {
			isa = XCBuildConfiguration;
			buildSettings = {
				ASSETCATALOG_COMPILER_APPICON_NAME = AppIcon;
				ASSETCATALOG_COMPILER_GLOBAL_ACCENT_COLOR_NAME = AccentColor;
				CODE_SIGN_STYLE = Automatic;
				CURRENT_PROJECT_VERSION = 1;
				DEFINES_MODULE = YES;
				DEVELOPMENT_ASSET_PATHS = "\"PhotoCoach/Preview Content\"";
				DEVELOPMENT_TEAM = 55T5F4SJCK;
				ENABLE_PREVIEWS = YES;
				GENERATE_INFOPLIST_FILE = YES;
				INFOPLIST_FILE = PhotoCoach/Info.plist;
				INFOPLIST_KEY_NSCameraUsageDescription = "PhotoCoach needs camera access to capture photos for AI coaching feedback.";
				INFOPLIST_KEY_UIApplicationSceneManifest_Generation = YES;
				INFOPLIST_KEY_UIApplicationSupportsIndirectInputEvents = YES;
				INFOPLIST_KEY_UILaunchScreen_Generation = YES;
				INFOPLIST_KEY_UISupportedInterfaceOrientations_iPad = "UIInterfaceOrientationPortrait UIInterfaceOrientationPortraitUpsideDown UIInterfaceOrientationLandscapeLeft UIInterfaceOrientationLandscapeRight";
				INFOPLIST_KEY_UISupportedInterfaceOrientations_iPhone = "UIInterfaceOrientationPortrait UIInterfaceOrientationLandscapeLeft UIInterfaceOrientationLandscapeRight";
				LD_RUNPATH_SEARCH_PATHS = (
					"$(inherited)",
					"@executable_path/Frameworks",
				);
				MARKETING_VERSION = 1.0;
				PRODUCT_BUNDLE_IDENTIFIER = DaveDev.PhotoCoach;
				PRODUCT_NAME = "$(TARGET_NAME)";
				SWIFT_EMIT_LOC_STRINGS = YES;
				SWIFT_VERSION = 5.0;
				TARGETED_DEVICE_FAMILY = "1,2";
			};
			name = Debug;
		};
		B37349762EEF17CF00404689 /* Release */ = {
			isa = XCBuildConfiguration;
			buildSettings = {
				ASSETCATALOG_COMPILER_APPICON_NAME = AppIcon;
				ASSETCATALOG_COMPILER_GLOBAL_ACCENT_COLOR_NAME = AccentColor;
				CODE_SIGN_STYLE = Automatic;
				CURRENT_PROJECT_VERSION = 1;
				DEFINES_MODULE = YES;
				DEVELOPMENT_ASSET_PATHS = "\"PhotoCoach/Preview Content\"";
				DEVELOPMENT_TEAM = 55T5F4SJCK;
				ENABLE_PREVIEWS = YES;
				GENERATE_INFOPLIST_FILE = YES;
				INFOPLIST_FILE = PhotoCoach/Info.plist;
				INFOPLIST_KEY_NSCameraUsageDescription = "PhotoCoach needs camera access to capture photos for AI coaching feedback.";
				INFOPLIST_KEY_UIApplicationSceneManifest_Generation = YES;
				INFOPLIST_KEY_UIApplicationSupportsIndirectInputEvents = YES;
				INFOPLIST_KEY_UILaunchScreen_Generation = YES;
				INFOPLIST_KEY_UISupportedInterfaceOrientations_iPad = "UIInterfaceOrientationPortrait UIInterfaceOrientationPortraitUpsideDown UIInterfaceOrientationLandscapeLeft UIInterfaceOrientationLandscapeRight";
				INFOPLIST_KEY_UISupportedInterfaceOrientations_iPhone = "UIInterfaceOrientationPortrait UIInterfaceOrientationLandscapeLeft UIInterfaceOrientationLandscapeRight";
				LD_RUNPATH_SEARCH_PATHS = (
					"$(inherited)",
					"@executable_path/Frameworks",
				);
				MARKETING_VERSION = 1.0;
				PRODUCT_BUNDLE_IDENTIFIER = DaveDev.PhotoCoach;
				PRODUCT_NAME = "$(TARGET_NAME)";
				SWIFT_EMIT_LOC_STRINGS = YES;
				SWIFT_VERSION = 5.0;
				TARGETED_DEVICE_FAMILY = "1,2";
			};
			name = Release;
		};
		B37349782EEF17CF00404689 /* Debug */ = {
			isa = XCBuildConfiguration;
			buildSettings = {
				ALWAYS_EMBED_SWIFT_STANDARD_LIBRARIES = YES;
				BUNDLE_LOADER = "$(TEST_HOST)";
				CODE_SIGN_STYLE = Automatic;
				CURRENT_PROJECT_VERSION = 1;
				DEVELOPMENT_TEAM = 55T5F4SJCK;
				FRAMEWORK_SEARCH_PATHS = "$(inherited) $(BUILT_PRODUCTS_DIR)";
				GENERATE_INFOPLIST_FILE = YES;
				SWIFT_INCLUDE_PATHS = "$(BUILT_PRODUCTS_DIR)";
				IPHONEOS_DEPLOYMENT_TARGET = 17.2;
				MARKETING_VERSION = 1.0;
				PRODUCT_BUNDLE_IDENTIFIER = DaveDev.PhotoCoachTests;
				PRODUCT_NAME = "$(TARGET_NAME)";
				SUPPORTED_PLATFORMS = "iphonesimulator iphoneos macosx";
				SWIFT_EMIT_LOC_STRINGS = NO;
				SWIFT_VERSION = 5.0;
				TARGETED_DEVICE_FAMILY = "1,2";
				TEST_HOST = "$(BUILT_PRODUCTS_DIR)/PhotoCoach.app/$(BUNDLE_EXECUTABLE_FOLDER_PATH)/PhotoCoach";
			};
			name = Debug;
		};
		B37349792EEF17CF00404689 /* Release */ = {
			isa = XCBuildConfiguration;
			buildSettings = {
				ALWAYS_EMBED_SWIFT_STANDARD_LIBRARIES = YES;
				BUNDLE_LOADER = "$(TEST_HOST)";
				CODE_SIGN_STYLE = Automatic;
				CURRENT_PROJECT_VERSION = 1;
				DEVELOPMENT_TEAM = 55T5F4SJCK;
				FRAMEWORK_SEARCH_PATHS = "$(inherited) $(BUILT_PRODUCTS_DIR)";
				GENERATE_INFOPLIST_FILE = YES;
				SWIFT_INCLUDE_PATHS = "$(BUILT_PRODUCTS_DIR)";
				IPHONEOS_DEPLOYMENT_TARGET = 17.2;
				MARKETING_VERSION = 1.0;
				PRODUCT_BUNDLE_IDENTIFIER = DaveDev.PhotoCoachTests;
				PRODUCT_NAME = "$(TARGET_NAME)";
				SUPPORTED_PLATFORMS = "iphonesimulator iphoneos macosx";
				SWIFT_EMIT_LOC_STRINGS = NO;
				SWIFT_VERSION = 5.0;
				TARGETED_DEVICE_FAMILY = "1,2";
				TEST_HOST = "$(BUILT_PRODUCTS_DIR)/PhotoCoach.app/$(BUNDLE_EXECUTABLE_FOLDER_PATH)/PhotoCoach";
			};
			name = Release;
		};
		B373497B2EEF17CF00404689 /* Debug */ = {
			isa = XCBuildConfiguration;
			buildSettings = {
				ALWAYS_EMBED_SWIFT_STANDARD_LIBRARIES = YES;
				CODE_SIGN_STYLE = Automatic;
				CURRENT_PROJECT_VERSION = 1;
				GENERATE_INFOPLIST_FILE = YES;
				MARKETING_VERSION = 1.0;
				PRODUCT_BUNDLE_IDENTIFIER = DaveDev.PhotoCoachUITests;
				PRODUCT_NAME = "$(TARGET_NAME)";
				SWIFT_EMIT_LOC_STRINGS = NO;
				SWIFT_VERSION = 5.0;
				TARGETED_DEVICE_FAMILY = "1,2";
				TEST_TARGET_NAME = PhotoCoach;
			};
			name = Debug;
		};
		B373497C2EEF17CF00404689 /* Release */ = {
			isa = XCBuildConfiguration;
			buildSettings = {
				ALWAYS_EMBED_SWIFT_STANDARD_LIBRARIES = YES;
				CODE_SIGN_STYLE = Automatic;
				CURRENT_PROJECT_VERSION = 1;
				GENERATE_INFOPLIST_FILE = YES;
				MARKETING_VERSION = 1.0;
				PRODUCT_BUNDLE_IDENTIFIER = DaveDev.PhotoCoachUITests;
				PRODUCT_NAME = "$(TARGET_NAME)";
				SWIFT_EMIT_LOC_STRINGS = NO;
				SWIFT_VERSION = 5.0;
				TARGETED_DEVICE_FAMILY = "1,2";
				TEST_TARGET_NAME = PhotoCoach;
			};
			name = Release;
		};
/* End XCBuildConfiguration section */

/* Begin XCConfigurationList section */
		B373494B2EEF17CD00404689 /* Build configuration list for PBXProject "PhotoCoach" */ = {
			isa = XCConfigurationList;
			buildConfigurations = (
				B37349722EEF17CF00404689 /* Debug */,
				B37349732EEF17CF00404689 /* Release */,
			);
			defaultConfigurationIsVisible = 0;
			defaultConfigurationName = Release;
		};
		B37349742EEF17CF00404689 /* Build configuration list for PBXNativeTarget "PhotoCoach" */ = {
			isa = XCConfigurationList;
			buildConfigurations = (
				B37349752EEF17CF00404689 /* Debug */,
				B37349762EEF17CF00404689 /* Release */,
			);
			defaultConfigurationIsVisible = 0;
			defaultConfigurationName = Release;
		};
		B37349772EEF17CF00404689 /* Build configuration list for PBXNativeTarget "PhotoCoachTests" */ = {
			isa = XCConfigurationList;
			buildConfigurations = (
				B37349782EEF17CF00404689 /* Debug */,
				B37349792EEF17CF00404689 /* Release */,
			);
			defaultConfigurationIsVisible = 0;
			defaultConfigurationName = Release;
		};
		B373497A2EEF17CF00404689 /* Build configuration list for PBXNativeTarget "PhotoCoachUITests" */ = {
			isa = XCConfigurationList;
			buildConfigurations = (
				B373497B2EEF17CF00404689 /* Debug */,
				B373497C2EEF17CF00404689 /* Release */,
			);
			defaultConfigurationIsVisible = 0;
			defaultConfigurationName = Release;
		};
/* End XCConfigurationList section */

/* Begin XCVersionGroup section */
		C1000002AAAA000000000012 /* PhotoCoach.xcdatamodeld */ = {
			isa = XCVersionGroup;
			children = (
				C1000002AAAA000000000014 /* PhotoCoach.xcdatamodel */,
			);
			currentVersion = C1000002AAAA000000000014 /* PhotoCoach.xcdatamodel */;
			path = PhotoCoach.xcdatamodeld;
			sourceTree = "<group>";
			versionGroupType = wrapper.xcdatamodel;
		};
/* End XCVersionGroup section */
	};
	rootObject = B37349482EEF17CD00404689 /* Project object */;
}
